
Microsoft Visual Studio Solution File, Format Version 12.00
# Visual Studio Version 17
VisualStudioVersion = 17.0.31903.59
MinimumVisualStudioVersion = 10.0.40219.1
Project("{2150E333-8FDC-42A3-9474-1A3956D46DE8}") = "BuildingBlocks", "BuildingBlocks", "{7266C4A9-E384-DC00-0EB6-47F6002CFBA7}"
EndProject
Project("{FAE04EC0-301F-11D3-BF4B-00C04F79EFBC}") = "RecipeHub.BuildingBlocks", "BuildingBlocks\RecipeHub.BuildingBlocks\RecipeHub.BuildingBlocks.csproj", "{B9E1DFFB-2291-4C93-941E-260A4591BEA0}"
EndProject
Project("{2150E333-8FDC-42A3-9474-1A3956D46DE8}") = "Contracts", "Contracts", "{A73F2606-6D4C-3EEE-1759-0E59DCFEF523}"
EndProject
Project("{FAE04EC0-301F-11D3-BF4B-00C04F79EFBC}") = "RecipeHub.GrpcContracts", "Contracts\RecipeHub.GrpcContracts\RecipeHub.GrpcContracts.csproj", "{84C0EABF-307C-4193-9F04-96B56A28F140}"
EndProject
Project("{2150E333-8FDC-42A3-9474-1A3956D46DE8}") = "Gateway", "Gateway", "{E7BDDBC6-9FD1-D1D7-ACD8-2C4F8E3D2461}"
EndProject
Project("{FAE04EC0-301F-11D3-BF4B-00C04F79EFBC}") = "RecipeHub.Gateway", "Gateway\RecipeHub.Gateway\RecipeHub.Gateway.csproj", "{530ABCA2-0AB6-4C0E-8457-2E3306F8D51B}"
EndProject
Project("{2150E333-8FDC-42A3-9474-1A3956D46DE8}") = "Services", "Services", "{5854FF58-B8C5-05C6-5BF2-ACE42193F22B}"
EndProject
Project("{2150E333-8FDC-42A3-9474-1A3956D46DE8}") = "Audit", "Audit", "{1D76C8A9-087D-026C-39DE-3B7051FD459C}"
EndProject
Project("{FAE04EC0-301F-11D3-BF4B-00C04F79EFBC}") = "RecipeHub.Audit.Api", "Services\Audit\RecipeHub.Audit.Api\RecipeHub.Audit.Api.csproj", "{C94B79AF-0F7F-464A-9E46-7C07DDAF2910}"
EndProject
Project("{FAE04EC0-301F-11D3-BF4B-00C04F79EFBC}") = "RecipeHub.Audit.Infrastructure", "Services\Audit\RecipeHub.Audit.Infrastructure\RecipeHub.Audit.Infrastructure.csproj", "{A3FF634F-615C-4DBF-A988-B1FD0BDFAA56}"
EndProject
Project("{FAE04EC0-301F-11D3-BF4B-00C04F79EFBC}") = "RecipeHub.Audit.Application", "Services\Audit\RecipeHub.Audit.Application\RecipeHub.Audit.Application.csproj", "{43435332-BECA-4195-B09A-38F81C8CEEDE}"
EndProject
Project("{FAE04EC0-301F-11D3-BF4B-00C04F79EFBC}") = "RecipeHub.Audit.Domain", "Services\Audit\RecipeHub.Audit.Domain\RecipeHub.Audit.Domain.csproj", "{BEC45225-418F-4057-A40E-5514353B1162}"
EndProject
Project("{2150E333-8FDC-42A3-9474-1A3956D46DE8}") = "Content", "Content", "{85A360C9-0224-5397-6472-99D8BEBB71BC}"
EndProject
Project("{FAE04EC0-301F-11D3-BF4B-00C04F79EFBC}") = "RecipeHub.Content.Api", "Services\Content\RecipeHub.Content.Api\RecipeHub.Content.Api.csproj", "{E570C9F0-10B0-4766-BB07-44628EAE5BE1}"
EndProject
Project("{FAE04EC0-301F-11D3-BF4B-00C04F79EFBC}") = "RecipeHub.Content.Infrastructure", "Services\Content\RecipeHub.Content.Infrastructure\RecipeHub.Content.Infrastructure.csproj", "{ABB4A9FD-5FB2-4B0C-9030-F18EBB1CF2A1}"
EndProject
Project("{FAE04EC0-301F-11D3-BF4B-00C04F79EFBC}") = "RecipeHub.Content.Application", "Services\Content\RecipeHub.Content.Application\RecipeHub.Content.Application.csproj", "{E77CE5F4-20DF-4D15-BDA6-9D35683BD1DB}"
EndProject
Project("{FAE04EC0-301F-11D3-BF4B-00C04F79EFBC}") = "RecipeHub.Content.Domain", "Services\Content\RecipeHub.Content.Domain\RecipeHub.Content.Domain.csproj", "{4BE519B2-9EC7-4CBE-9F31-890636829DBD}"
EndProject
Project("{2150E333-8FDC-42A3-9474-1A3956D46DE8}") = "Identity", "Identity", "{357A7C97-5AE1-023F-1442-0D9F9AF22A31}"
EndProject
Project("{FAE04EC0-301F-11D3-BF4B-00C04F79EFBC}") = "RecipeHub.Identity.Api", "Services\Identity\RecipeHub.Identity.Api\RecipeHub.Identity.Api.csproj", "{EE34D5AE-213E-40AC-A99A-2713320CAF70}"
EndProject
Project("{FAE04EC0-301F-11D3-BF4B-00C04F79EFBC}") = "RecipeHub.Identity.Infrastructure", "Services\Identity\RecipeHub.Identity.Infrastructure\RecipeHub.Identity.Infrastructure.csproj", "{86F6237F-0EEB-4F4F-9E2F-DF4BB1605C0E}"
EndProject
Project("{FAE04EC0-301F-11D3-BF4B-00C04F79EFBC}") = "RecipeHub.Identity.Application", "Services\Identity\RecipeHub.Identity.Application\RecipeHub.Identity.Application.csproj", "{D1BC04A7-5CC0-41E3-ABD6-A1AB66A60838}"
EndProject
Project("{FAE04EC0-301F-11D3-BF4B-00C04F79EFBC}") = "RecipeHub.Identity.Domain", "Services\Identity\RecipeHub.Identity.Domain\RecipeHub.Identity.Domain.csproj", "{72BF88DC-0D9B-4881-A812-D3E7E83C94FB}"
EndProject
Project("{2150E333-8FDC-42A3-9474-1A3956D46DE8}") = "Recipe", "Recipe", "{BE434B46-4340-2B38-E75B-39453B6D2870}"
EndProject
Project("{FAE04EC0-301F-11D3-BF4B-00C04F79EFBC}") = "RecipeHub.Recipe.Api", "Services\Recipe\RecipeHub.Recipe.Api\RecipeHub.Recipe.Api.csproj", "{C4A2286E-C1B8-49F1-9CF2-6DACBF60F58C}"
EndProject
Project("{FAE04EC0-301F-11D3-BF4B-00C04F79EFBC}") = "RecipeHub.Recipe.Infrastructure", "Services\Recipe\RecipeHub.Recipe.Infrastructure\RecipeHub.Recipe.Infrastructure.csproj", "{92398D36-5BB2-40D6-8ECB-7215806A674F}"
EndProject
Project("{FAE04EC0-301F-11D3-BF4B-00C04F79EFBC}") = "RecipeHub.Recipe.Application", "Services\Recipe\RecipeHub.Recipe.Application\RecipeHub.Recipe.Application.csproj", "{6C638459-E855-4104-9042-A33DDD7DB24D}"
EndProject
Project("{FAE04EC0-301F-11D3-BF4B-00C04F79EFBC}") = "RecipeHub.Recipe.Domain", "Services\Recipe\RecipeHub.Recipe.Domain\RecipeHub.Recipe.Domain.csproj", "{DE22AB02-0A69-42A2-BF18-087BCD577B3B}"
EndProject
Project("{2150E333-8FDC-42A3-9474-1A3956D46DE8}") = "Workers", "Workers", "{20543853-AF10-B830-2A3D-9FE9F6ECBF6C}"
EndProject
Project("{FAE04EC0-301F-11D3-BF4B-00C04F79EFBC}") = "RecipeHub.BackgroundWorker", "Workers\RecipeHub.BackgroundWorker\RecipeHub.BackgroundWorker.csproj", "{D1638338-40B6-413D-8AD3-1F9B9E3CF939}"
EndProject
Global
	GlobalSection(SolutionConfigurationPlatforms) = preSolution
		Debug|Any CPU = Debug|Any CPU
		Debug|x64 = Debug|x64
		Debug|x86 = Debug|x86
		Release|Any CPU = Release|Any CPU
		Release|x64 = Release|x64
		Release|x86 = Release|x86
	EndGlobalSection
	GlobalSection(ProjectConfigurationPlatforms) = postSolution
		{B9E1DFFB-2291-4C93-941E-260A4591BEA0}.Debug|Any CPU.ActiveCfg = Debug|Any CPU
		{B9E1DFFB-2291-4C93-941E-260A4591BEA0}.Debug|Any CPU.Build.0 = Debug|Any CPU
		{B9E1DFFB-2291-4C93-941E-260A4591BEA0}.Debug|x64.ActiveCfg = Debug|Any CPU
		{B9E1DFFB-2291-4C93-941E-260A4591BEA0}.Debug|x64.Build.0 = Debug|Any CPU
		{B9E1DFFB-2291-4C93-941E-260A4591BEA0}.Debug|x86.ActiveCfg = Debug|Any CPU
		{B9E1DFFB-2291-4C93-941E-260A4591BEA0}.Debug|x86.Build.0 = Debug|Any CPU
		{B9E1DFFB-2291-4C93-941E-260A4591BEA0}.Release|Any CPU.ActiveCfg = Release|Any CPU
		{B9E1DFFB-2291-4C93-941E-260A4591BEA0}.Release|Any CPU.Build.0 = Release|Any CPU
		{B9E1DFFB-2291-4C93-941E-260A4591BEA0}.Release|x64.ActiveCfg = Release|Any CPU
		{B9E1DFFB-2291-4C93-941E-260A4591BEA0}.Release|x64.Build.0 = Release|Any CPU
		{B9E1DFFB-2291-4C93-941E-260A4591BEA0}.Release|x86.ActiveCfg = Release|Any CPU
		{B9E1DFFB-2291-4C93-941E-260A4591BEA0}.Release|x86.Build.0 = Release|Any CPU
		{84C0EABF-307C-4193-9F04-96B56A28F140}.Debug|Any CPU.ActiveCfg = Debug|Any CPU
		{84C0EABF-307C-4193-9F04-96B56A28F140}.Debug|Any CPU.Build.0 = Debug|Any CPU
		{84C0EABF-307C-4193-9F04-96B56A28F140}.Debug|x64.ActiveCfg = Debug|Any CPU
		{84C0EABF-307C-4193-9F04-96B56A28F140}.Debug|x64.Build.0 = Debug|Any CPU
		{84C0EABF-307C-4193-9F04-96B56A28F140}.Debug|x86.ActiveCfg = Debug|Any CPU
		{84C0EABF-307C-4193-9F04-96B56A28F140}.Debug|x86.Build.0 = Debug|Any CPU
		{84C0EABF-307C-4193-9F04-96B56A28F140}.Release|Any CPU.ActiveCfg = Release|Any CPU
		{84C0EABF-307C-4193-9F04-96B56A28F140}.Release|Any CPU.Build.0 = Release|Any CPU
		{84C0EABF-307C-4193-9F04-96B56A28F140}.Release|x64.ActiveCfg = Release|Any CPU
		{84C0EABF-307C-4193-9F04-96B56A28F140}.Release|x64.Build.0 = Release|Any CPU
		{84C0EABF-307C-4193-9F04-96B56A28F140}.Release|x86.ActiveCfg = Release|Any CPU
		{84C0EABF-307C-4193-9F04-96B56A28F140}.Release|x86.Build.0 = Release|Any CPU
		{530ABCA2-0AB6-4C0E-8457-2E3306F8D51B}.Debug|Any CPU.ActiveCfg = Debug|Any CPU
		{530ABCA2-0AB6-4C0E-8457-2E3306F8D51B}.Debug|Any CPU.Build.0 = Debug|Any CPU
		{530ABCA2-0AB6-4C0E-8457-2E3306F8D51B}.Debug|x64.ActiveCfg = Debug|Any CPU
		{530ABCA2-0AB6-4C0E-8457-2E3306F8D51B}.Debug|x64.Build.0 = Debug|Any CPU
		{530ABCA2-0AB6-4C0E-8457-2E3306F8D51B}.Debug|x86.ActiveCfg = Debug|Any CPU
		{530ABCA2-0AB6-4C0E-8457-2E3306F8D51B}.Debug|x86.Build.0 = Debug|Any CPU
		{530ABCA2-0AB6-4C0E-8457-2E3306F8D51B}.Release|Any CPU.ActiveCfg = Release|Any CPU
		{530ABCA2-0AB6-4C0E-8457-2E3306F8D51B}.Release|Any CPU.Build.0 = Release|Any CPU
		{530ABCA2-0AB6-4C0E-8457-2E3306F8D51B}.Release|x64.ActiveCfg = Release|Any CPU
		{530ABCA2-0AB6-4C0E-8457-2E3306F8D51B}.Release|x64.Build.0 = Release|Any CPU
		{530ABCA2-0AB6-4C0E-8457-2E3306F8D51B}.Release|x86.ActiveCfg = Release|Any CPU
		{530ABCA2-0AB6-4C0E-8457-2E3306F8D51B}.Release|x86.Build.0 = Release|Any CPU
		{C94B79AF-0F7F-464A-9E46-7C07DDAF2910}.Debug|Any CPU.ActiveCfg = Debug|Any CPU
		{C94B79AF-0F7F-464A-9E46-7C07DDAF2910}.Debug|Any CPU.Build.0 = Debug|Any CPU
		{C94B79AF-0F7F-464A-9E46-7C07DDAF2910}.Debug|x64.ActiveCfg = Debug|Any CPU
		{C94B79AF-0F7F-464A-9E46-7C07DDAF2910}.Debug|x64.Build.0 = Debug|Any CPU
		{C94B79AF-0F7F-464A-9E46-7C07DDAF2910}.Debug|x86.ActiveCfg = Debug|Any CPU
		{C94B79AF-0F7F-464A-9E46-7C07DDAF2910}.Debug|x86.Build.0 = Debug|Any CPU
		{C94B79AF-0F7F-464A-9E46-7C07DDAF2910}.Release|Any CPU.ActiveCfg = Release|Any CPU
		{C94B79AF-0F7F-464A-9E46-7C07DDAF2910}.Release|Any CPU.Build.0 = Release|Any CPU
		{C94B79AF-0F7F-464A-9E46-7C07DDAF2910}.Release|x64.ActiveCfg = Release|Any CPU
		{C94B79AF-0F7F-464A-9E46-7C07DDAF2910}.Release|x64.Build.0 = Release|Any CPU
		{C94B79AF-0F7F-464A-9E46-7C07DDAF2910}.Release|x86.ActiveCfg = Release|Any CPU
		{C94B79AF-0F7F-464A-9E46-7C07DDAF2910}.Release|x86.Build.0 = Release|Any CPU
		{A3FF634F-615C-4DBF-A988-B1FD0BDFAA56}.Debug|Any CPU.ActiveCfg = Debug|Any CPU
		{A3FF634F-615C-4DBF-A988-B1FD0BDFAA56}.Debug|Any CPU.Build.0 = Debug|Any CPU
		{A3FF634F-615C-4DBF-A988-B1FD0BDFAA56}.Debug|x64.ActiveCfg = Debug|Any CPU
		{A3FF634F-615C-4DBF-A988-B1FD0BDFAA56}.Debug|x64.Build.0 = Debug|Any CPU
		{A3FF634F-615C-4DBF-A988-B1FD0BDFAA56}.Debug|x86.ActiveCfg = Debug|Any CPU
		{A3FF634F-615C-4DBF-A988-B1FD0BDFAA56}.Debug|x86.Build.0 = Debug|Any CPU
		{A3FF634F-615C-4DBF-A988-B1FD0BDFAA56}.Release|Any CPU.ActiveCfg = Release|Any CPU
		{A3FF634F-615C-4DBF-A988-B1FD0BDFAA56}.Release|Any CPU.Build.0 = Release|Any CPU
		{A3FF634F-615C-4DBF-A988-B1FD0BDFAA56}.Release|x64.ActiveCfg = Release|Any CPU
		{A3FF634F-615C-4DBF-A988-B1FD0BDFAA56}.Release|x64.Build.0 = Release|Any CPU
		{A3FF634F-615C-4DBF-A988-B1FD0BDFAA56}.Release|x86.ActiveCfg = Release|Any CPU
		{A3FF634F-615C-4DBF-A988-B1FD0BDFAA56}.Release|x86.Build.0 = Release|Any CPU
		{43435332-BECA-4195-B09A-38F81C8CEEDE}.Debug|Any CPU.ActiveCfg = Debug|Any CPU
		{43435332-BECA-4195-B09A-38F81C8CEEDE}.Debug|Any CPU.Build.0 = Debug|Any CPU
		{43435332-BECA-4195-B09A-38F81C8CEEDE}.Debug|x64.ActiveCfg = Debug|Any CPU
		{43435332-BECA-4195-B09A-38F81C8CEEDE}.Debug|x64.Build.0 = Debug|Any CPU
		{43435332-BECA-4195-B09A-38F81C8CEEDE}.Debug|x86.ActiveCfg = Debug|Any CPU
		{43435332-BECA-4195-B09A-38F81C8CEEDE}.Debug|x86.Build.0 = Debug|Any CPU
		{43435332-BECA-4195-B09A-38F81C8CEEDE}.Release|Any CPU.ActiveCfg = Release|Any CPU
		{43435332-BECA-4195-B09A-38F81C8CEEDE}.Release|Any CPU.Build.0 = Release|Any CPU
		{43435332-BECA-4195-B09A-38F81C8CEEDE}.Release|x64.ActiveCfg = Release|Any CPU
		{43435332-BECA-4195-B09A-38F81C8CEEDE}.Release|x64.Build.0 = Release|Any CPU
		{43435332-BECA-4195-B09A-38F81C8CEEDE}.Release|x86.ActiveCfg = Release|Any CPU
		{43435332-BECA-4195-B09A-38F81C8CEEDE}.Release|x86.Build.0 = Release|Any CPU
		{BEC45225-418F-4057-A40E-5514353B1162}.Debug|Any CPU.ActiveCfg = Debug|Any CPU
		{BEC45225-418F-4057-A40E-5514353B1162}.Debug|Any CPU.Build.0 = Debug|Any CPU
		{BEC45225-418F-4057-A40E-5514353B1162}.Debug|x64.ActiveCfg = Debug|Any CPU
		{BEC45225-418F-4057-A40E-5514353B1162}.Debug|x64.Build.0 = Debug|Any CPU
		{BEC45225-418F-4057-A40E-5514353B1162}.Debug|x86.ActiveCfg = Debug|Any CPU
		{BEC45225-418F-4057-A40E-5514353B1162}.Debug|x86.Build.0 = Debug|Any CPU
		{BEC45225-418F-4057-A40E-5514353B1162}.Release|Any CPU.ActiveCfg = Release|Any CPU
		{BEC45225-418F-4057-A40E-5514353B1162}.Release|Any CPU.Build.0 = Release|Any CPU
		{BEC45225-418F-4057-A40E-5514353B1162}.Release|x64.ActiveCfg = Release|Any CPU
		{BEC45225-418F-4057-A40E-5514353B1162}.Release|x64.Build.0 = Release|Any CPU
		{BEC45225-418F-4057-A40E-5514353B1162}.Release|x86.ActiveCfg = Release|Any CPU
		{BEC45225-418F-4057-A40E-5514353B1162}.Release|x86.Build.0 = Release|Any CPU
		{E570C9F0-10B0-4766-BB07-44628EAE5BE1}.Debug|Any CPU.ActiveCfg = Debug|Any CPU
		{E570C9F0-10B0-4766-BB07-44628EAE5BE1}.Debug|Any CPU.Build.0 = Debug|Any CPU
		{E570C9F0-10B0-4766-BB07-44628EAE5BE1}.Debug|x64.ActiveCfg = Debug|Any CPU
		{E570C9F0-10B0-4766-BB07-44628EAE5BE1}.Debug|x64.Build.0 = Debug|Any CPU
		{E570C9F0-10B0-4766-BB07-44628EAE5BE1}.Debug|x86.ActiveCfg = Debug|Any CPU
		{E570C9F0-10B0-4766-BB07-44628EAE5BE1}.Debug|x86.Build.0 = Debug|Any CPU
		{E570C9F0-10B0-4766-BB07-44628EAE5BE1}.Release|Any CPU.ActiveCfg = Release|Any CPU
		{E570C9F0-10B0-4766-BB07-44628EAE5BE1}.Release|Any CPU.Build.0 = Release|Any CPU
		{E570C9F0-10B0-4766-BB07-44628EAE5BE1}.Release|x64.ActiveCfg = Release|Any CPU
		{E570C9F0-10B0-4766-BB07-44628EAE5BE1}.Release|x64.Build.0 = Release|Any CPU
		{E570C9F0-10B0-4766-BB07-44628EAE5BE1}.Release|x86.ActiveCfg = Release|Any CPU
		{E570C9F0-10B0-4766-BB07-44628EAE5BE1}.Release|x86.Build.0 = Release|Any CPU
		{ABB4A9FD-5FB2-4B0C-9030-F18EBB1CF2A1}.Debug|Any CPU.ActiveCfg = Debug|Any CPU
		{ABB4A9FD-5FB2-4B0C-9030-F18EBB1CF2A1}.Debug|Any CPU.Build.0 = Debug|Any CPU
		{ABB4A9FD-5FB2-4B0C-9030-F18EBB1CF2A1}.Debug|x64.ActiveCfg = Debug|Any CPU
		{ABB4A9FD-5FB2-4B0C-9030-F18EBB1CF2A1}.Debug|x64.Build.0 = Debug|Any CPU
		{ABB4A9FD-5FB2-4B0C-9030-F18EBB1CF2A1}.Debug|x86.ActiveCfg = Debug|Any CPU
		{ABB4A9FD-5FB2-4B0C-9030-F18EBB1CF2A1}.Debug|x86.Build.0 = Debug|Any CPU
		{ABB4A9FD-5FB2-4B0C-9030-F18EBB1CF2A1}.Release|Any CPU.ActiveCfg = Release|Any CPU
		{ABB4A9FD-5FB2-4B0C-9030-F18EBB1CF2A1}.Release|Any CPU.Build.0 = Release|Any CPU
		{ABB4A9FD-5FB2-4B0C-9030-F18EBB1CF2A1}.Release|x64.ActiveCfg = Release|Any CPU
		{ABB4A9FD-5FB2-4B0C-9030-F18EBB1CF2A1}.Release|x64.Build.0 = Release|Any CPU
		{ABB4A9FD-5FB2-4B0C-9030-F18EBB1CF2A1}.Release|x86.ActiveCfg = Release|Any CPU
		{ABB4A9FD-5FB2-4B0C-9030-F18EBB1CF2A1}.Release|x86.Build.0 = Release|Any CPU
		{E77CE5F4-20DF-4D15-BDA6-9D35683BD1DB}.Debug|Any CPU.ActiveCfg = Debug|Any CPU
		{E77CE5F4-20DF-4D15-BDA6-9D35683BD1DB}.Debug|Any CPU.Build.0 = Debug|Any CPU
		{E77CE5F4-20DF-4D15-BDA6-9D35683BD1DB}.Debug|x64.ActiveCfg = Debug|Any CPU
		{E77CE5F4-20DF-4D15-BDA6-9D35683BD1DB}.Debug|x64.Build.0 = Debug|Any CPU
		{E77CE5F4-20DF-4D15-BDA6-9D35683BD1DB}.Debug|x86.ActiveCfg = Debug|Any CPU
		{E77CE5F4-20DF-4D15-BDA6-9D35683BD1DB}.Debug|x86.Build.0 = Debug|Any CPU
		{E77CE5F4-20DF-4D15-BDA6-9D35683BD1DB}.Release|Any CPU.ActiveCfg = Release|Any CPU
		{E77CE5F4-20DF-4D15-BDA6-9D35683BD1DB}.Release|Any CPU.Build.0 = Release|Any CPU
		{E77CE5F4-20DF-4D15-BDA6-9D35683BD1DB}.Release|x64.ActiveCfg = Release|Any CPU
		{E77CE5F4-20DF-4D15-BDA6-9D35683BD1DB}.Release|x64.Build.0 = Release|Any CPU
		{E77CE5F4-20DF-4D15-BDA6-9D35683BD1DB}.Release|x86.ActiveCfg = Release|Any CPU
		{E77CE5F4-20DF-4D15-BDA6-9D35683BD1DB}.Release|x86.Build.0 = Release|Any CPU
		{4BE519B2-9EC7-4CBE-9F31-890636829DBD}.Debug|Any CPU.ActiveCfg = Debug|Any CPU
		{4BE519B2-9EC7-4CBE-9F31-890636829DBD}.Debug|Any CPU.Build.0 = Debug|Any CPU
		{4BE519B2-9EC7-4CBE-9F31-890636829DBD}.Debug|x64.ActiveCfg = Debug|Any CPU
		{4BE519B2-9EC7-4CBE-9F31-890636829DBD}.Debug|x64.Build.0 = Debug|Any CPU
		{4BE519B2-9EC7-4CBE-9F31-890636829DBD}.Debug|x86.ActiveCfg = Debug|Any CPU
		{4BE519B2-9EC7-4CBE-9F31-890636829DBD}.Debug|x86.Build.0 = Debug|Any CPU
		{4BE519B2-9EC7-4CBE-9F31-890636829DBD}.Release|Any CPU.ActiveCfg = Release|Any CPU
		{4BE519B2-9EC7-4CBE-9F31-890636829DBD}.Release|Any CPU.Build.0 = Release|Any CPU
		{4BE519B2-9EC7-4CBE-9F31-890636829DBD}.Release|x64.ActiveCfg = Release|Any CPU
		{4BE519B2-9EC7-4CBE-9F31-890636829DBD}.Release|x64.Build.0 = Release|Any CPU
		{4BE519B2-9EC7-4CBE-9F31-890636829DBD}.Release|x86.ActiveCfg = Release|Any CPU
		{4BE519B2-9EC7-4CBE-9F31-890636829DBD}.Release|x86.Build.0 = Release|Any CPU
		{EE34D5AE-213E-40AC-A99A-2713320CAF70}.Debug|Any CPU.ActiveCfg = Debug|Any CPU
		{EE34D5AE-213E-40AC-A99A-2713320CAF70}.Debug|Any CPU.Build.0 = Debug|Any CPU
		{EE34D5AE-213E-40AC-A99A-2713320CAF70}.Debug|x64.ActiveCfg = Debug|Any CPU
		{EE34D5AE-213E-40AC-A99A-2713320CAF70}.Debug|x64.Build.0 = Debug|Any CPU
		{EE34D5AE-213E-40AC-A99A-2713320CAF70}.Debug|x86.ActiveCfg = Debug|Any CPU
		{EE34D5AE-213E-40AC-A99A-2713320CAF70}.Debug|x86.Build.0 = Debug|Any CPU
		{EE34D5AE-213E-40AC-A99A-2713320CAF70}.Release|Any CPU.ActiveCfg = Release|Any CPU
		{EE34D5AE-213E-40AC-A99A-2713320CAF70}.Release|Any CPU.Build.0 = Release|Any CPU
		{EE34D5AE-213E-40AC-A99A-2713320CAF70}.Release|x64.ActiveCfg = Release|Any CPU
		{EE34D5AE-213E-40AC-A99A-2713320CAF70}.Release|x64.Build.0 = Release|Any CPU
		{EE34D5AE-213E-40AC-A99A-2713320CAF70}.Release|x86.ActiveCfg = Release|Any CPU
		{EE34D5AE-213E-40AC-A99A-2713320CAF70}.Release|x86.Build.0 = Release|Any CPU
		{86F6237F-0EEB-4F4F-9E2F-DF4BB1605C0E}.Debug|Any CPU.ActiveCfg = Debug|Any CPU
		{86F6237F-0EEB-4F4F-9E2F-DF4BB1605C0E}.Debug|Any CPU.Build.0 = Debug|Any CPU
		{86F6237F-0EEB-4F4F-9E2F-DF4BB1605C0E}.Debug|x64.ActiveCfg = Debug|Any CPU
		{86F6237F-0EEB-4F4F-9E2F-DF4BB1605C0E}.Debug|x64.Build.0 = Debug|Any CPU
		{86F6237F-0EEB-4F4F-9E2F-DF4BB1605C0E}.Debug|x86.ActiveCfg = Debug|Any CPU
		{86F6237F-0EEB-4F4F-9E2F-DF4BB1605C0E}.Debug|x86.Build.0 = Debug|Any CPU
		{86F6237F-0EEB-4F4F-9E2F-DF4BB1605C0E}.Release|Any CPU.ActiveCfg = Release|Any CPU
		{86F6237F-0EEB-4F4F-9E2F-DF4BB1605C0E}.Release|Any CPU.Build.0 = Release|Any CPU
		{86F6237F-0EEB-4F4F-9E2F-DF4BB1605C0E}.Release|x64.ActiveCfg = Release|Any CPU
		{86F6237F-0EEB-4F4F-9E2F-DF4BB1605C0E}.Release|x64.Build.0 = Release|Any CPU
		{86F6237F-0EEB-4F4F-9E2F-DF4BB1605C0E}.Release|x86.ActiveCfg = Release|Any CPU
		{86F6237F-0EEB-4F4F-9E2F-DF4BB1605C0E}.Release|x86.Build.0 = Release|Any CPU
		{D1BC04A7-5CC0-41E3-ABD6-A1AB66A60838}.Debug|Any CPU.ActiveCfg = Debug|Any CPU
		{D1BC04A7-5CC0-41E3-ABD6-A1AB66A60838}.Debug|Any CPU.Build.0 = Debug|Any CPU
		{D1BC04A7-5CC0-41E3-ABD6-A1AB66A60838}.Debug|x64.ActiveCfg = Debug|Any CPU
		{D1BC04A7-5CC0-41E3-ABD6-A1AB66A60838}.Debug|x64.Build.0 = Debug|Any CPU
		{D1BC04A7-5CC0-41E3-ABD6-A1AB66A60838}.Debug|x86.ActiveCfg = Debug|Any CPU
		{D1BC04A7-5CC0-41E3-ABD6-A1AB66A60838}.Debug|x86.Build.0 = Debug|Any CPU
		{D1BC04A7-5CC0-41E3-ABD6-A1AB66A60838}.Release|Any CPU.ActiveCfg = Release|Any CPU
		{D1BC04A7-5CC0-41E3-ABD6-A1AB66A60838}.Release|Any CPU.Build.0 = Release|Any CPU
		{D1BC04A7-5CC0-41E3-ABD6-A1AB66A60838}.Release|x64.ActiveCfg = Release|Any CPU
		{D1BC04A7-5CC0-41E3-ABD6-A1AB66A60838}.Release|x64.Build.0 = Release|Any CPU
		{D1BC04A7-5CC0-41E3-ABD6-A1AB66A60838}.Release|x86.ActiveCfg = Release|Any CPU
		{D1BC04A7-5CC0-41E3-ABD6-A1AB66A60838}.Release|x86.Build.0 = Release|Any CPU
		{72BF88DC-0D9B-4881-A812-D3E7E83C94FB}.Debug|Any CPU.ActiveCfg = Debug|Any CPU
		{72BF88DC-0D9B-4881-A812-D3E7E83C94FB}.Debug|Any CPU.Build.0 = Debug|Any CPU
		{72BF88DC-0D9B-4881-A812-D3E7E83C94FB}.Debug|x64.ActiveCfg = Debug|Any CPU
		{72BF88DC-0D9B-4881-A812-D3E7E83C94FB}.Debug|x64.Build.0 = Debug|Any CPU
		{72BF88DC-0D9B-4881-A812-D3E7E83C94FB}.Debug|x86.ActiveCfg = Debug|Any CPU
		{72BF88DC-0D9B-4881-A812-D3E7E83C94FB}.Debug|x86.Build.0 = Debug|Any CPU
		{72BF88DC-0D9B-4881-A812-D3E7E83C94FB}.Release|Any CPU.ActiveCfg = Release|Any CPU
		{72BF88DC-0D9B-4881-A812-D3E7E83C94FB}.Release|Any CPU.Build.0 = Release|Any CPU
		{72BF88DC-0D9B-4881-A812-D3E7E83C94FB}.Release|x64.ActiveCfg = Release|Any CPU
		{72BF88DC-0D9B-4881-A812-D3E7E83C94FB}.Release|x64.Build.0 = Release|Any CPU
		{72BF88DC-0D9B-4881-A812-D3E7E83C94FB}.Release|x86.ActiveCfg = Release|Any CPU
		{72BF88DC-0D9B-4881-A812-D3E7E83C94FB}.Release|x86.Build.0 = Release|Any CPU
		{C4A2286E-C1B8-49F1-9CF2-6DACBF60F58C}.Debug|Any CPU.ActiveCfg = Debug|Any CPU
		{C4A2286E-C1B8-49F1-9CF2-6DACBF60F58C}.Debug|Any CPU.Build.0 = Debug|Any CPU
		{C4A2286E-C1B8-49F1-9CF2-6DACBF60F58C}.Debug|x64.ActiveCfg = Debug|Any CPU
		{C4A2286E-C1B8-49F1-9CF2-6DACBF60F58C}.Debug|x64.Build.0 = Debug|Any CPU
		{C4A2286E-C1B8-49F1-9CF2-6DACBF60F58C}.Debug|x86.ActiveCfg = Debug|Any CPU
		{C4A2286E-C1B8-49F1-9CF2-6DACBF60F58C}.Debug|x86.Build.0 = Debug|Any CPU
		{C4A2286E-C1B8-49F1-9CF2-6DACBF60F58C}.Release|Any CPU.ActiveCfg = Release|Any CPU
		{C4A2286E-C1B8-49F1-9CF2-6DACBF60F58C}.Release|Any CPU.Build.0 = Release|Any CPU
		{C4A2286E-C1B8-49F1-9CF2-6DACBF60F58C}.Release|x64.ActiveCfg = Release|Any CPU
		{C4A2286E-C1B8-49F1-9CF2-6DACBF60F58C}.Release|x64.Build.0 = Release|Any CPU
		{C4A2286E-C1B8-49F1-9CF2-6DACBF60F58C}.Release|x86.ActiveCfg = Release|Any CPU
		{C4A2286E-C1B8-49F1-9CF2-6DACBF60F58C}.Release|x86.Build.0 = Release|Any CPU
		{92398D36-5BB2-40D6-8ECB-7215806A674F}.Debug|Any CPU.ActiveCfg = Debug|Any CPU
		{92398D36-5BB2-40D6-8ECB-7215806A674F}.Debug|Any CPU.Build.0 = Debug|Any CPU
		{92398D36-5BB2-40D6-8ECB-7215806A674F}.Debug|x64.ActiveCfg = Debug|Any CPU
		{92398D36-5BB2-40D6-8ECB-7215806A674F}.Debug|x64.Build.0 = Debug|Any CPU
		{92398D36-5BB2-40D6-8ECB-7215806A674F}.Debug|x86.ActiveCfg = Debug|Any CPU
		{92398D36-5BB2-40D6-8ECB-7215806A674F}.Debug|x86.Build.0 = Debug|Any CPU
		{92398D36-5BB2-40D6-8ECB-7215806A674F}.Release|Any CPU.ActiveCfg = Release|Any CPU
		{92398D36-5BB2-40D6-8ECB-7215806A674F}.Release|Any CPU.Build.0 = Release|Any CPU
		{92398D36-5BB2-40D6-8ECB-7215806A674F}.Release|x64.ActiveCfg = Release|Any CPU
		{92398D36-5BB2-40D6-8ECB-7215806A674F}.Release|x64.Build.0 = Release|Any CPU
		{92398D36-5BB2-40D6-8ECB-7215806A674F}.Release|x86.ActiveCfg = Release|Any CPU
		{92398D36-5BB2-40D6-8ECB-7215806A674F}.Release|x86.Build.0 = Release|Any CPU
		{6C638459-E855-4104-9042-A33DDD7DB24D}.Debug|Any CPU.ActiveCfg = Debug|Any CPU
		{6C638459-E855-4104-9042-A33DDD7DB24D}.Debug|Any CPU.Build.0 = Debug|Any CPU
		{6C638459-E855-4104-9042-A33DDD7DB24D}.Debug|x64.ActiveCfg = Debug|Any CPU
		{6C638459-E855-4104-9042-A33DDD7DB24D}.Debug|x64.Build.0 = Debug|Any CPU
		{6C638459-E855-4104-9042-A33DDD7DB24D}.Debug|x86.ActiveCfg = Debug|Any CPU
		{6C638459-E855-4104-9042-A33DDD7DB24D}.Debug|x86.Build.0 = Debug|Any CPU
		{6C638459-E855-4104-9042-A33DDD7DB24D}.Release|Any CPU.ActiveCfg = Release|Any CPU
		{6C638459-E855-4104-9042-A33DDD7DB24D}.Release|Any CPU.Build.0 = Release|Any CPU
		{6C638459-E855-4104-9042-A33DDD7DB24D}.Release|x64.ActiveCfg = Release|Any CPU
		{6C638459-E855-4104-9042-A33DDD7DB24D}.Release|x64.Build.0 = Release|Any CPU
		{6C638459-E855-4104-9042-A33DDD7DB24D}.Release|x86.ActiveCfg = Release|Any CPU
		{6C638459-E855-4104-9042-A33DDD7DB24D}.Release|x86.Build.0 = Release|Any CPU
		{DE22AB02-0A69-42A2-BF18-087BCD577B3B}.Debug|Any CPU.ActiveCfg = Debug|Any CPU
		{DE22AB02-0A69-42A2-BF18-087BCD577B3B}.Debug|Any CPU.Build.0 = Debug|Any CPU
		{DE22AB02-0A69-42A2-BF18-087BCD577B3B}.Debug|x64.ActiveCfg = Debug|Any CPU
		{DE22AB02-0A69-42A2-BF18-087BCD577B3B}.Debug|x64.Build.0 = Debug|Any CPU
		{DE22AB02-0A69-42A2-BF18-087BCD577B3B}.Debug|x86.ActiveCfg = Debug|Any CPU
		{DE22AB02-0A69-42A2-BF18-087BCD577B3B}.Debug|x86.Build.0 = Debug|Any CPU
		{DE22AB02-0A69-42A2-BF18-087BCD577B3B}.Release|Any CPU.ActiveCfg = Release|Any CPU
		{DE22AB02-0A69-42A2-BF18-087BCD577B3B}.Release|Any CPU.Build.0 = Release|Any CPU
		{DE22AB02-0A69-42A2-BF18-087BCD577B3B}.Release|x64.ActiveCfg = Release|Any CPU
		{DE22AB02-0A69-42A2-BF18-087BCD577B3B}.Release|x64.Build.0 = Release|Any CPU
		{DE22AB02-0A69-42A2-BF18-087BCD577B3B}.Release|x86.ActiveCfg = Release|Any CPU
		{DE22AB02-0A69-42A2-BF18-087BCD577B3B}.Release|x86.Build.0 = Release|Any CPU
		{D1638338-40B6-413D-8AD3-1F9B9E3CF939}.Debug|Any CPU.ActiveCfg = Debug|Any CPU
		{D1638338-40B6-413D-8AD3-1F9B9E3CF939}.Debug|Any CPU.Build.0 = Debug|Any CPU
		{D1638338-40B6-413D-8AD3-1F9B9E3CF939}.Debug|x64.ActiveCfg = Debug|Any CPU
		{D1638338-40B6-413D-8AD3-1F9B9E3CF939}.Debug|x64.Build.0 = Debug|Any CPU
		{D1638338-40B6-413D-8AD3-1F9B9E3CF939}.Debug|x86.ActiveCfg = Debug|Any CPU
		{D1638338-40B6-413D-8AD3-1F9B9E3CF939}.Debug|x86.Build.0 = Debug|Any CPU
		{D1638338-40B6-413D-8AD3-1F9B9E3CF939}.Release|Any CPU.ActiveCfg = Release|Any CPU
		{D1638338-40B6-413D-8AD3-1F9B9E3CF939}.Release|Any CPU.Build.0 = Release|Any CPU
		{D1638338-40B6-413D-8AD3-1F9B9E3CF939}.Release|x64.ActiveCfg = Release|Any CPU
		{D1638338-40B6-413D-8AD3-1F9B9E3CF939}.Release|x64.Build.0 = Release|Any CPU
		{D1638338-40B6-413D-8AD3-1F9B9E3CF939}.Release|x86.ActiveCfg = Release|Any CPU
		{D1638338-40B6-413D-8AD3-1F9B9E3CF939}.Release|x86.Build.0 = Release|Any CPU
	EndGlobalSection
	GlobalSection(SolutionProperties) = preSolution
		HideSolutionNode = FALSE
	EndGlobalSection
	GlobalSection(NestedProjects) = preSolution
		{B9E1DFFB-2291-4C93-941E-260A4591BEA0} = {7266C4A9-E384-DC00-0EB6-47F6002CFBA7}
		{84C0EABF-307C-4193-9F04-96B56A28F140} = {A73F2606-6D4C-3EEE-1759-0E59DCFEF523}
		{530ABCA2-0AB6-4C0E-8457-2E3306F8D51B} = {E7BDDBC6-9FD1-D1D7-ACD8-2C4F8E3D2461}
		{1D76C8A9-087D-026C-39DE-3B7051FD459C} = {5854FF58-B8C5-05C6-5BF2-ACE42193F22B}
		{C94B79AF-0F7F-464A-9E46-7C07DDAF2910} = {1D76C8A9-087D-026C-39DE-3B7051FD459C}
		{A3FF634F-615C-4DBF-A988-B1FD0BDFAA56} = {1D76C8A9-087D-026C-39DE-3B7051FD459C}
		{43435332-BECA-4195-B09A-38F81C8CEEDE} = {1D76C8A9-087D-026C-39DE-3B7051FD459C}
		{BEC45225-418F-4057-A40E-5514353B1162} = {1D76C8A9-087D-026C-39DE-3B7051FD459C}
		{85A360C9-0224-5397-6472-99D8BEBB71BC} = {5854FF58-B8C5-05C6-5BF2-ACE42193F22B}
		{E570C9F0-10B0-4766-BB07-44628EAE5BE1} = {85A360C9-0224-5397-6472-99D8BEBB71BC}
		{ABB4A9FD-5FB2-4B0C-9030-F18EBB1CF2A1} = {85A360C9-0224-5397-6472-99D8BEBB71BC}
		{E77CE5F4-20DF-4D15-BDA6-9D35683BD1DB} = {85A360C9-0224-5397-6472-99D8BEBB71BC}
		{4BE519B2-9EC7-4CBE-9F31-890636829DBD} = {85A360C9-0224-5397-6472-99D8BEBB71BC}
		{357A7C97-5AE1-023F-1442-0D9F9AF22A31} = {5854FF58-B8C5-05C6-5BF2-ACE42193F22B}
		{EE34D5AE-213E-40AC-A99A-2713320CAF70} = {357A7C97-5AE1-023F-1442-0D9F9AF22A31}
		{86F6237F-0EEB-4F4F-9E2F-DF4BB1605C0E} = {357A7C97-5AE1-023F-1442-0D9F9AF22A31}
		{D1BC04A7-5CC0-41E3-ABD6-A1AB66A60838} = {357A7C97-5AE1-023F-1442-0D9F9AF22A31}
		{72BF88DC-0D9B-4881-A812-D3E7E83C94FB} = {357A7C97-5AE1-023F-1442-0D9F9AF22A31}
		{BE434B46-4340-2B38-E75B-39453B6D2870} = {5854FF58-B8C5-05C6-5BF2-ACE42193F22B}
		{C4A2286E-C1B8-49F1-9CF2-6DACBF60F58C} = {BE434B46-4340-2B38-E75B-39453B6D2870}
		{92398D36-5BB2-40D6-8ECB-7215806A674F} = {BE434B46-4340-2B38-E75B-39453B6D2870}
		{6C638459-E855-4104-9042-A33DDD7DB24D} = {BE434B46-4340-2B38-E75B-39453B6D2870}
		{DE22AB02-0A69-42A2-BF18-087BCD577B3B} = {BE434B46-4340-2B38-E75B-39453B6D2870}
		{D1638338-40B6-413D-8AD3-1F9B9E3CF939} = {20543853-AF10-B830-2A3D-9FE9F6ECBF6C}
	EndGlobalSection
EndGlobal
